
Microsoft Visual Studio Solution File, Format Version 12.00
# Visual Studio Version 16
VisualStudioVersion = 16.0.29230.47
MinimumVisualStudioVersion = 10.0.40219.1
Project("{9092AA53-FB77-4645-B42D-1CCCA6BD08BD}") = "social media website", "social media website.njsproj", "{2742F6AF-FEC0-4AA5-B62E-2BFAB5B683B9}"
EndProject
Global
	GlobalSection(SolutionConfigurationPlatforms) = preSolution
		Debug|Any CPU = Debug|Any CPU
		Release|Any CPU = Release|Any CPU
	EndGlobalSection
	GlobalSection(ProjectConfigurationPlatforms) = postSolution
		{2742F6AF-FEC0-4AA5-B62E-2BFAB5B683B9}.Debug|Any CPU.ActiveCfg = Debug|Any CPU
		{2742F6AF-FEC0-4AA5-B62E-2BFAB5B683B9}.Debug|Any CPU.Build.0 = Debug|Any CPU
		{2742F6AF-FEC0-4AA5-B62E-2BFAB5B683B9}.Release|Any CPU.ActiveCfg = Release|Any CPU
		{2742F6AF-FEC0-4AA5-B62E-2BFAB5B683B9}.Release|Any CPU.Build.0 = Release|Any CPU
	EndGlobalSection
	GlobalSection(SolutionProperties) = preSolution
		HideSolutionNode = FALSE
	EndGlobalSection
	GlobalSection(ExtensibilityGlobals) = postSolution
		SolutionGuid = {B09C5A85-460D-4FEF-A4E3-D1E1665ED521}
	EndGlobalSection
EndGlobal
